// !$*UTF8*$!
{
	archiveVersion = 1;
	classes = {
	};
	objectVersion = 56;
	objects = {

/* Begin PBXBuildFile section */
		EFCB8CBC2C65AC85004E4C95 /* AppDelegate.swift in Sources */ = {isa = PBXBuildFile; fileRef = EFCB8CBB2C65AC85004E4C95 /* AppDelegate.swift */; };
		EFCB8CBE2C65AC85004E4C95 /* SceneDelegate.swift in Sources */ = {isa = PBXBuildFile; fileRef = EFCB8CBD2C65AC85004E4C95 /* SceneDelegate.swift */; };
		EFCB8CC52C65AC86004E4C95 /* Assets.xcassets in Resources */ = {isa = PBXBuildFile; fileRef = EFCB8CC42C65AC86004E4C95 /* Assets.xcassets */; };
		EFCB8CC82C65AC86004E4C95 /* Base in Resources */ = {isa = PBXBuildFile; fileRef = EFCB8CC72C65AC86004E4C95 /* Base */; };
		EFCB8CD02C65ACF4004E4C95 /* .gitignore in Resources */ = {isa = PBXBuildFile; fileRef = EFCB8CCF2C65ACF4004E4C95 /* .gitignore */; };
		EFCB8CD42C65AEDA004E4C95 /* SearchViewController.swift in Sources */ = {isa = PBXBuildFile; fileRef = EFCB8CD32C65AEDA004E4C95 /* SearchViewController.swift */; };
		EFCB8CDF2C65B406004E4C95 /* SnapKit in Frameworks */ = {isa = PBXBuildFile; productRef = EFCB8CDE2C65B406004E4C95 /* SnapKit */; };
		EFCB8CE22C65B41E004E4C95 /* RxCocoa in Frameworks */ = {isa = PBXBuildFile; productRef = EFCB8CE12C65B41E004E4C95 /* RxCocoa */; };
		EFCB8CE42C65B41E004E4C95 /* RxSwift in Frameworks */ = {isa = PBXBuildFile; productRef = EFCB8CE32C65B41E004E4C95 /* RxSwift */; };
		EFCB8CE72C65B438004E4C95 /* Kingfisher in Frameworks */ = {isa = PBXBuildFile; productRef = EFCB8CE62C65B438004E4C95 /* Kingfisher */; };
		EFCB8CEA2C65B6B4004E4C95 /* BaseProtocol.swift in Sources */ = {isa = PBXBuildFile; fileRef = EFCB8CE92C65B6B4004E4C95 /* BaseProtocol.swift */; };
		EFCB8CED2C65B95C004E4C95 /* TabBarController.swift in Sources */ = {isa = PBXBuildFile; fileRef = EFCB8CEC2C65B95C004E4C95 /* TabBarController.swift */; };
		EFCB8CEF2C65B9B8004E4C95 /* DummyViewController.swift in Sources */ = {isa = PBXBuildFile; fileRef = EFCB8CEE2C65B9B8004E4C95 /* DummyViewController.swift */; };
		EFCB8CF32C65BA61004E4C95 /* Strings.swift in Sources */ = {isa = PBXBuildFile; fileRef = EFCB8CF22C65BA61004E4C95 /* Strings.swift */; };
		EFCB8CF62C65C513004E4C95 /* IQKeyboardManagerSwift in Frameworks */ = {isa = PBXBuildFile; productRef = EFCB8CF52C65C513004E4C95 /* IQKeyboardManagerSwift */; };
		EFCB8CF82C65DF77004E4C95 /* SearchTableViewCell.swift in Sources */ = {isa = PBXBuildFile; fileRef = EFCB8CF72C65DF77004E4C95 /* SearchTableViewCell.swift */; };
		EFCB8CFA2C65E309004E4C95 /* SearchViewModel.swift in Sources */ = {isa = PBXBuildFile; fileRef = EFCB8CF92C65E309004E4C95 /* SearchViewModel.swift */; };
		EFCB8CFC2C65E683004E4C95 /* ReuseIdentifierProtocol.swift in Sources */ = {isa = PBXBuildFile; fileRef = EFCB8CFB2C65E683004E4C95 /* ReuseIdentifierProtocol.swift */; };
		EFCB8CFF2C65E6A9004E4C95 /* UIView+.swift in Sources */ = {isa = PBXBuildFile; fileRef = EFCB8CFE2C65E6A9004E4C95 /* UIView+.swift */; };
		EFCB8D012C665672004E4C95 /* Search.swift in Sources */ = {isa = PBXBuildFile; fileRef = EFCB8D002C665672004E4C95 /* Search.swift */; };
		EFCB8D032C6659BB004E4C95 /* NetworkManager.swift in Sources */ = {isa = PBXBuildFile; fileRef = EFCB8D022C6659BB004E4C95 /* NetworkManager.swift */; };
/* End PBXBuildFile section */

/* Begin PBXFileReference section */
		EFCB8CB82C65AC85004E4C95 /* iTunesWithRxSwift.app */ = {isa = PBXFileReference; explicitFileType = wrapper.application; includeInIndex = 0; path = iTunesWithRxSwift.app; sourceTree = BUILT_PRODUCTS_DIR; };
		EFCB8CBB2C65AC85004E4C95 /* AppDelegate.swift */ = {isa = PBXFileReference; lastKnownFileType = sourcecode.swift; path = AppDelegate.swift; sourceTree = "<group>"; };
		EFCB8CBD2C65AC85004E4C95 /* SceneDelegate.swift */ = {isa = PBXFileReference; lastKnownFileType = sourcecode.swift; path = SceneDelegate.swift; sourceTree = "<group>"; };
		EFCB8CC42C65AC86004E4C95 /* Assets.xcassets */ = {isa = PBXFileReference; lastKnownFileType = folder.assetcatalog; path = Assets.xcassets; sourceTree = "<group>"; };
		EFCB8CC72C65AC86004E4C95 /* Base */ = {isa = PBXFileReference; lastKnownFileType = file.storyboard; name = Base; path = Base.lproj/LaunchScreen.storyboard; sourceTree = "<group>"; };
		EFCB8CC92C65AC86004E4C95 /* Info.plist */ = {isa = PBXFileReference; lastKnownFileType = text.plist.xml; path = Info.plist; sourceTree = "<group>"; };
		EFCB8CCF2C65ACF4004E4C95 /* .gitignore */ = {isa = PBXFileReference; lastKnownFileType = text; path = .gitignore; sourceTree = "<group>"; };
		EFCB8CD32C65AEDA004E4C95 /* SearchViewController.swift */ = {isa = PBXFileReference; lastKnownFileType = sourcecode.swift; path = SearchViewController.swift; sourceTree = "<group>"; };
		EFCB8CE92C65B6B4004E4C95 /* BaseProtocol.swift */ = {isa = PBXFileReference; lastKnownFileType = sourcecode.swift; path = BaseProtocol.swift; sourceTree = "<group>"; };
		EFCB8CEC2C65B95C004E4C95 /* TabBarController.swift */ = {isa = PBXFileReference; lastKnownFileType = sourcecode.swift; path = TabBarController.swift; sourceTree = "<group>"; };
		EFCB8CEE2C65B9B8004E4C95 /* DummyViewController.swift */ = {isa = PBXFileReference; lastKnownFileType = sourcecode.swift; path = DummyViewController.swift; sourceTree = "<group>"; };
		EFCB8CF22C65BA61004E4C95 /* Strings.swift */ = {isa = PBXFileReference; lastKnownFileType = sourcecode.swift; path = Strings.swift; sourceTree = "<group>"; };
		EFCB8CF72C65DF77004E4C95 /* SearchTableViewCell.swift */ = {isa = PBXFileReference; lastKnownFileType = sourcecode.swift; path = SearchTableViewCell.swift; sourceTree = "<group>"; };
		EFCB8CF92C65E309004E4C95 /* SearchViewModel.swift */ = {isa = PBXFileReference; lastKnownFileType = sourcecode.swift; path = SearchViewModel.swift; sourceTree = "<group>"; };
		EFCB8CFB2C65E683004E4C95 /* ReuseIdentifierProtocol.swift */ = {isa = PBXFileReference; lastKnownFileType = sourcecode.swift; path = ReuseIdentifierProtocol.swift; sourceTree = "<group>"; };
		EFCB8CFE2C65E6A9004E4C95 /* UIView+.swift */ = {isa = PBXFileReference; lastKnownFileType = sourcecode.swift; path = "UIView+.swift"; sourceTree = "<group>"; };
		EFCB8D002C665672004E4C95 /* Search.swift */ = {isa = PBXFileReference; lastKnownFileType = sourcecode.swift; path = Search.swift; sourceTree = "<group>"; };
		EFCB8D022C6659BB004E4C95 /* NetworkManager.swift */ = {isa = PBXFileReference; lastKnownFileType = sourcecode.swift; path = NetworkManager.swift; sourceTree = "<group>"; };
/* End PBXFileReference section */

/* Begin PBXFrameworksBuildPhase section */
		EFCB8CB52C65AC85004E4C95 /* Frameworks */ = {
			isa = PBXFrameworksBuildPhase;
			buildActionMask = 2147483647;
			files = (
				EFCB8CF62C65C513004E4C95 /* IQKeyboardManagerSwift in Frameworks */,
				EFCB8CE72C65B438004E4C95 /* Kingfisher in Frameworks */,
				EFCB8CE42C65B41E004E4C95 /* RxSwift in Frameworks */,
				EFCB8CE22C65B41E004E4C95 /* RxCocoa in Frameworks */,
				EFCB8CDF2C65B406004E4C95 /* SnapKit in Frameworks */,
			);
			runOnlyForDeploymentPostprocessing = 0;
		};
/* End PBXFrameworksBuildPhase section */

/* Begin PBXGroup section */
		EFCB8CAF2C65AC85004E4C95 = {
			isa = PBXGroup;
			children = (
				EFCB8CCF2C65ACF4004E4C95 /* .gitignore */,
				EFCB8CBA2C65AC85004E4C95 /* iTunesWithRxSwift */,
				EFCB8CB92C65AC85004E4C95 /* Products */,
			);
			sourceTree = "<group>";
		};
		EFCB8CB92C65AC85004E4C95 /* Products */ = {
			isa = PBXGroup;
			children = (
				EFCB8CB82C65AC85004E4C95 /* iTunesWithRxSwift.app */,
			);
			name = Products;
			sourceTree = "<group>";
		};
		EFCB8CBA2C65AC85004E4C95 /* iTunesWithRxSwift */ = {
			isa = PBXGroup;
			children = (
				EFCB8CFD2C65E69F004E4C95 /* Extension */,
				EFCB8CF12C65BA4E004E4C95 /* Constant */,
				EFCB8CEB2C65B951004E4C95 /* Custom */,
				EFCB8CE82C65B6A4004E4C95 /* Protocol */,
				EFCB8CD52C65AEE6004E4C95 /* Search */,
				EFCB8CD62C65AF85004E4C95 /* Base */,
				EFCB8CBB2C65AC85004E4C95 /* AppDelegate.swift */,
				EFCB8CBD2C65AC85004E4C95 /* SceneDelegate.swift */,
				EFCB8CC42C65AC86004E4C95 /* Assets.xcassets */,
				EFCB8CC62C65AC86004E4C95 /* LaunchScreen.storyboard */,
				EFCB8CC92C65AC86004E4C95 /* Info.plist */,
				EFCB8CEE2C65B9B8004E4C95 /* DummyViewController.swift */,
			);
			path = iTunesWithRxSwift;
			sourceTree = "<group>";
		};
		EFCB8CD52C65AEE6004E4C95 /* Search */ = {
			isa = PBXGroup;
			children = (
				EFCB8CD32C65AEDA004E4C95 /* SearchViewController.swift */,
				EFCB8CF72C65DF77004E4C95 /* SearchTableViewCell.swift */,
				EFCB8CF92C65E309004E4C95 /* SearchViewModel.swift */,
				EFCB8D002C665672004E4C95 /* Search.swift */,
				EFCB8D022C6659BB004E4C95 /* NetworkManager.swift */,
			);
			path = Search;
			sourceTree = "<group>";
		};
		EFCB8CD62C65AF85004E4C95 /* Base */ = {
			isa = PBXGroup;
			children = (
			);
			path = Base;
			sourceTree = "<group>";
		};
		EFCB8CE82C65B6A4004E4C95 /* Protocol */ = {
			isa = PBXGroup;
			children = (
				EFCB8CE92C65B6B4004E4C95 /* BaseProtocol.swift */,
				EFCB8CFB2C65E683004E4C95 /* ReuseIdentifierProtocol.swift */,
			);
			path = Protocol;
			sourceTree = "<group>";
		};
		EFCB8CEB2C65B951004E4C95 /* Custom */ = {
			isa = PBXGroup;
			children = (
				EFCB8CEC2C65B95C004E4C95 /* TabBarController.swift */,
			);
			path = Custom;
			sourceTree = "<group>";
		};
		EFCB8CF12C65BA4E004E4C95 /* Constant */ = {
			isa = PBXGroup;
			children = (
				EFCB8CF22C65BA61004E4C95 /* Strings.swift */,
			);
			path = Constant;
			sourceTree = "<group>";
		};
		EFCB8CFD2C65E69F004E4C95 /* Extension */ = {
			isa = PBXGroup;
			children = (
				EFCB8CFE2C65E6A9004E4C95 /* UIView+.swift */,
			);
			path = Extension;
			sourceTree = "<group>";
		};
/* End PBXGroup section */

/* Begin PBXNativeTarget section */
		EFCB8CB72C65AC85004E4C95 /* iTunesWithRxSwift */ = {
			isa = PBXNativeTarget;
			buildConfigurationList = EFCB8CCC2C65AC86004E4C95 /* Build configuration list for PBXNativeTarget "iTunesWithRxSwift" */;
			buildPhases = (
				EFCB8CB42C65AC85004E4C95 /* Sources */,
				EFCB8CB52C65AC85004E4C95 /* Frameworks */,
				EFCB8CB62C65AC85004E4C95 /* Resources */,
			);
			buildRules = (
			);
			dependencies = (
			);
			name = iTunesWithRxSwift;
			packageProductDependencies = (
				EFCB8CDE2C65B406004E4C95 /* SnapKit */,
				EFCB8CE12C65B41E004E4C95 /* RxCocoa */,
				EFCB8CE32C65B41E004E4C95 /* RxSwift */,
				EFCB8CE62C65B438004E4C95 /* Kingfisher */,
				EFCB8CF52C65C513004E4C95 /* IQKeyboardManagerSwift */,
			);
			productName = iTunesWithRxSwift;
			productReference = EFCB8CB82C65AC85004E4C95 /* iTunesWithRxSwift.app */;
			productType = "com.apple.product-type.application";
		};
/* End PBXNativeTarget section */

/* Begin PBXProject section */
		EFCB8CB02C65AC85004E4C95 /* Project object */ = {
			isa = PBXProject;
			attributes = {
				BuildIndependentTargetsInParallel = 1;
				LastSwiftUpdateCheck = 1530;
				LastUpgradeCheck = 1530;
				TargetAttributes = {
					EFCB8CB72C65AC85004E4C95 = {
						CreatedOnToolsVersion = 15.3;
					};
				};
			};
			buildConfigurationList = EFCB8CB32C65AC85004E4C95 /* Build configuration list for PBXProject "iTunesWithRxSwift" */;
			compatibilityVersion = "Xcode 14.0";
			developmentRegion = en;
			hasScannedForEncodings = 0;
			knownRegions = (
				en,
				Base,
			);
			mainGroup = EFCB8CAF2C65AC85004E4C95;
			packageReferences = (
				EFCB8CDD2C65B406004E4C95 /* XCRemoteSwiftPackageReference "SnapKit" */,
				EFCB8CE02C65B41E004E4C95 /* XCRemoteSwiftPackageReference "RxSwift" */,
				EFCB8CE52C65B438004E4C95 /* XCRemoteSwiftPackageReference "Kingfisher" */,
				EFCB8CF42C65C513004E4C95 /* XCRemoteSwiftPackageReference "IQKeyboardManager" */,
			);
			productRefGroup = EFCB8CB92C65AC85004E4C95 /* Products */;
			projectDirPath = "";
			projectRoot = "";
			targets = (
				EFCB8CB72C65AC85004E4C95 /* iTunesWithRxSwift */,
			);
		};
/* End PBXProject section */

/* Begin PBXResourcesBuildPhase section */
		EFCB8CB62C65AC85004E4C95 /* Resources */ = {
			isa = PBXResourcesBuildPhase;
			buildActionMask = 2147483647;
			files = (
				EFCB8CC52C65AC86004E4C95 /* Assets.xcassets in Resources */,
				EFCB8CD02C65ACF4004E4C95 /* .gitignore in Resources */,
				EFCB8CC82C65AC86004E4C95 /* Base in Resources */,
			);
			runOnlyForDeploymentPostprocessing = 0;
		};
/* End PBXResourcesBuildPhase section */

/* Begin PBXSourcesBuildPhase section */
		EFCB8CB42C65AC85004E4C95 /* Sources */ = {
			isa = PBXSourcesBuildPhase;
			buildActionMask = 2147483647;
			files = (
				EFCB8D012C665672004E4C95 /* Search.swift in Sources */,
				EFCB8CFF2C65E6A9004E4C95 /* UIView+.swift in Sources */,
				EFCB8CF82C65DF77004E4C95 /* SearchTableViewCell.swift in Sources */,
				EFCB8CEF2C65B9B8004E4C95 /* DummyViewController.swift in Sources */,
				EFCB8CD42C65AEDA004E4C95 /* SearchViewController.swift in Sources */,
				EFCB8CF32C65BA61004E4C95 /* Strings.swift in Sources */,
				EFCB8CBC2C65AC85004E4C95 /* AppDelegate.swift in Sources */,
				EFCB8CFA2C65E309004E4C95 /* SearchViewModel.swift in Sources */,
				EFCB8CFC2C65E683004E4C95 /* ReuseIdentifierProtocol.swift in Sources */,
				EFCB8D032C6659BB004E4C95 /* NetworkManager.swift in Sources */,
				EFCB8CED2C65B95C004E4C95 /* TabBarController.swift in Sources */,
				EFCB8CEA2C65B6B4004E4C95 /* BaseProtocol.swift in Sources */,
				EFCB8CBE2C65AC85004E4C95 /* SceneDelegate.swift in Sources */,
			);
			runOnlyForDeploymentPostprocessing = 0;
		};
/* End PBXSourcesBuildPhase section */

/* Begin PBXVariantGroup section */
		EFCB8CC62C65AC86004E4C95 /* LaunchScreen.storyboard */ = {
			isa = PBXVariantGroup;
			children = (
				EFCB8CC72C65AC86004E4C95 /* Base */,
			);
			name = LaunchScreen.storyboard;
			sourceTree = "<group>";
		};
/* End PBXVariantGroup section */

/* Begin XCBuildConfiguration section */
		EFCB8CCA2C65AC86004E4C95 /* Debug */ = {
			isa = XCBuildConfiguration;
			buildSettings = {
				ALWAYS_SEARCH_USER_PATHS = NO;
				ASSETCATALOG_COMPILER_GENERATE_SWIFT_ASSET_SYMBOL_EXTENSIONS = YES;
				CLANG_ANALYZER_NONNULL = YES;
				CLANG_ANALYZER_NUMBER_OBJECT_CONVERSION = YES_AGGRESSIVE;
				CLANG_CXX_LANGUAGE_STANDARD = "gnu++20";
				CLANG_ENABLE_MODULES = YES;
				CLANG_ENABLE_OBJC_ARC = YES;
				CLANG_ENABLE_OBJC_WEAK = YES;
				CLANG_WARN_BLOCK_CAPTURE_AUTORELEASING = YES;
				CLANG_WARN_BOOL_CONVERSION = YES;
				CLANG_WARN_COMMA = YES;
				CLANG_WARN_CONSTANT_CONVERSION = YES;
				CLANG_WARN_DEPRECATED_OBJC_IMPLEMENTATIONS = YES;
				CLANG_WARN_DIRECT_OBJC_ISA_USAGE = YES_ERROR;
				CLANG_WARN_DOCUMENTATION_COMMENTS = YES;
				CLANG_WARN_EMPTY_BODY = YES;
				CLANG_WARN_ENUM_CONVERSION = YES;
				CLANG_WARN_INFINITE_RECURSION = YES;
				CLANG_WARN_INT_CONVERSION = YES;
				CLANG_WARN_NON_LITERAL_NULL_CONVERSION = YES;
				CLANG_WARN_OBJC_IMPLICIT_RETAIN_SELF = YES;
				CLANG_WARN_OBJC_LITERAL_CONVERSION = YES;
				CLANG_WARN_OBJC_ROOT_CLASS = YES_ERROR;
				CLANG_WARN_QUOTED_INCLUDE_IN_FRAMEWORK_HEADER = YES;
				CLANG_WARN_RANGE_LOOP_ANALYSIS = YES;
				CLANG_WARN_STRICT_PROTOTYPES = YES;
				CLANG_WARN_SUSPICIOUS_MOVE = YES;
				CLANG_WARN_UNGUARDED_AVAILABILITY = YES_AGGRESSIVE;
				CLANG_WARN_UNREACHABLE_CODE = YES;
				CLANG_WARN__DUPLICATE_METHOD_MATCH = YES;
				COPY_PHASE_STRIP = NO;
				DEBUG_INFORMATION_FORMAT = dwarf;
				ENABLE_STRICT_OBJC_MSGSEND = YES;
				ENABLE_TESTABILITY = YES;
				ENABLE_USER_SCRIPT_SANDBOXING = YES;
				GCC_C_LANGUAGE_STANDARD = gnu17;
				GCC_DYNAMIC_NO_PIC = NO;
				GCC_NO_COMMON_BLOCKS = YES;
				GCC_OPTIMIZATION_LEVEL = 0;
				GCC_PREPROCESSOR_DEFINITIONS = (
					"DEBUG=1",
					"$(inherited)",
				);
				GCC_WARN_64_TO_32_BIT_CONVERSION = YES;
				GCC_WARN_ABOUT_RETURN_TYPE = YES_ERROR;
				GCC_WARN_UNDECLARED_SELECTOR = YES;
				GCC_WARN_UNINITIALIZED_AUTOS = YES_AGGRESSIVE;
				GCC_WARN_UNUSED_FUNCTION = YES;
				GCC_WARN_UNUSED_VARIABLE = YES;
				IPHONEOS_DEPLOYMENT_TARGET = 17.4;
				LOCALIZATION_PREFERS_STRING_CATALOGS = YES;
				MTL_ENABLE_DEBUG_INFO = INCLUDE_SOURCE;
				MTL_FAST_MATH = YES;
				ONLY_ACTIVE_ARCH = YES;
				SDKROOT = iphoneos;
				SWIFT_ACTIVE_COMPILATION_CONDITIONS = "DEBUG $(inherited)";
				SWIFT_OPTIMIZATION_LEVEL = "-Onone";
			};
			name = Debug;
		};
		EFCB8CCB2C65AC86004E4C95 /* Release */ = {
			isa = XCBuildConfiguration;
			buildSettings = {
				ALWAYS_SEARCH_USER_PATHS = NO;
				ASSETCATALOG_COMPILER_GENERATE_SWIFT_ASSET_SYMBOL_EXTENSIONS = YES;
				CLANG_ANALYZER_NONNULL = YES;
				CLANG_ANALYZER_NUMBER_OBJECT_CONVERSION = YES_AGGRESSIVE;
				CLANG_CXX_LANGUAGE_STANDARD = "gnu++20";
				CLANG_ENABLE_MODULES = YES;
				CLANG_ENABLE_OBJC_ARC = YES;
				CLANG_ENABLE_OBJC_WEAK = YES;
				CLANG_WARN_BLOCK_CAPTURE_AUTORELEASING = YES;
				CLANG_WARN_BOOL_CONVERSION = YES;
				CLANG_WARN_COMMA = YES;
				CLANG_WARN_CONSTANT_CONVERSION = YES;
				CLANG_WARN_DEPRECATED_OBJC_IMPLEMENTATIONS = YES;
				CLANG_WARN_DIRECT_OBJC_ISA_USAGE = YES_ERROR;
				CLANG_WARN_DOCUMENTATION_COMMENTS = YES;
				CLANG_WARN_EMPTY_BODY = YES;
				CLANG_WARN_ENUM_CONVERSION = YES;
				CLANG_WARN_INFINITE_RECURSION = YES;
				CLANG_WARN_INT_CONVERSION = YES;
				CLANG_WARN_NON_LITERAL_NULL_CONVERSION = YES;
				CLANG_WARN_OBJC_IMPLICIT_RETAIN_SELF = YES;
				CLANG_WARN_OBJC_LITERAL_CONVERSION = YES;
				CLANG_WARN_OBJC_ROOT_CLASS = YES_ERROR;
				CLANG_WARN_QUOTED_INCLUDE_IN_FRAMEWORK_HEADER = YES;
				CLANG_WARN_RANGE_LOOP_ANALYSIS = YES;
				CLANG_WARN_STRICT_PROTOTYPES = YES;
				CLANG_WARN_SUSPICIOUS_MOVE = YES;
				CLANG_WARN_UNGUARDED_AVAILABILITY = YES_AGGRESSIVE;
				CLANG_WARN_UNREACHABLE_CODE = YES;
				CLANG_WARN__DUPLICATE_METHOD_MATCH = YES;
				COPY_PHASE_STRIP = NO;
				DEBUG_INFORMATION_FORMAT = "dwarf-with-dsym";
				ENABLE_NS_ASSERTIONS = NO;
				ENABLE_STRICT_OBJC_MSGSEND = YES;
				ENABLE_USER_SCRIPT_SANDBOXING = YES;
				GCC_C_LANGUAGE_STANDARD = gnu17;
				GCC_NO_COMMON_BLOCKS = YES;
				GCC_WARN_64_TO_32_BIT_CONVERSION = YES;
				GCC_WARN_ABOUT_RETURN_TYPE = YES_ERROR;
				GCC_WARN_UNDECLARED_SELECTOR = YES;
				GCC_WARN_UNINITIALIZED_AUTOS = YES_AGGRESSIVE;
				GCC_WARN_UNUSED_FUNCTION = YES;
				GCC_WARN_UNUSED_VARIABLE = YES;
				IPHONEOS_DEPLOYMENT_TARGET = 17.4;
				LOCALIZATION_PREFERS_STRING_CATALOGS = YES;
				MTL_ENABLE_DEBUG_INFO = NO;
				MTL_FAST_MATH = YES;
				SDKROOT = iphoneos;
				SWIFT_COMPILATION_MODE = wholemodule;
				VALIDATE_PRODUCT = YES;
			};
			name = Release;
		};
		EFCB8CCD2C65AC86004E4C95 /* Debug */ = {
			isa = XCBuildConfiguration;
			buildSettings = {
				ASSETCATALOG_COMPILER_APPICON_NAME = AppIcon;
				ASSETCATALOG_COMPILER_GLOBAL_ACCENT_COLOR_NAME = AccentColor;
				CODE_SIGN_STYLE = Automatic;
				CURRENT_PROJECT_VERSION = 1;
				GENERATE_INFOPLIST_FILE = YES;
				INFOPLIST_FILE = iTunesWithRxSwift/Info.plist;
				INFOPLIST_KEY_UIApplicationSupportsIndirectInputEvents = YES;
				INFOPLIST_KEY_UILaunchStoryboardName = LaunchScreen;
				INFOPLIST_KEY_UISupportedInterfaceOrientations = UIInterfaceOrientationPortrait;
				INFOPLIST_KEY_UISupportedInterfaceOrientations_iPad = "UIInterfaceOrientationLandscapeLeft UIInterfaceOrientationLandscapeRight UIInterfaceOrientationPortrait UIInterfaceOrientationPortraitUpsideDown";
				IPHONEOS_DEPLOYMENT_TARGET = 15.0;
				LD_RUNPATH_SEARCH_PATHS = (
					"$(inherited)",
					"@executable_path/Frameworks",
				);
				MARKETING_VERSION = 1.0;
				PRODUCT_BUNDLE_IDENTIFIER = com.seunghye.iTunesWithRxSwift;
				PRODUCT_NAME = "$(TARGET_NAME)";
				SUPPORTED_PLATFORMS = "iphoneos iphonesimulator";
				SUPPORTS_MACCATALYST = NO;
				SUPPORTS_MAC_DESIGNED_FOR_IPHONE_IPAD = NO;
				SUPPORTS_XR_DESIGNED_FOR_IPHONE_IPAD = NO;
				SWIFT_EMIT_LOC_STRINGS = YES;
				SWIFT_VERSION = 5.0;
				TARGETED_DEVICE_FAMILY = 1;
			};
			name = Debug;
		};
		EFCB8CCE2C65AC86004E4C95 /* Release */ = {
			isa = XCBuildConfiguration;
			buildSettings = {
				ASSETCATALOG_COMPILER_APPICON_NAME = AppIcon;
				ASSETCATALOG_COMPILER_GLOBAL_ACCENT_COLOR_NAME = AccentColor;
				CODE_SIGN_STYLE = Automatic;
				CURRENT_PROJECT_VERSION = 1;
				GENERATE_INFOPLIST_FILE = YES;
				INFOPLIST_FILE = iTunesWithRxSwift/Info.plist;
				INFOPLIST_KEY_UIApplicationSupportsIndirectInputEvents = YES;
				INFOPLIST_KEY_UILaunchStoryboardName = LaunchScreen;
				INFOPLIST_KEY_UISupportedInterfaceOrientations = UIInterfaceOrientationPortrait;
				INFOPLIST_KEY_UISupportedInterfaceOrientations_iPad = "UIInterfaceOrientationLandscapeLeft UIInterfaceOrientationLandscapeRight UIInterfaceOrientationPortrait UIInterfaceOrientationPortraitUpsideDown";
				IPHONEOS_DEPLOYMENT_TARGET = 15.0;
				LD_RUNPATH_SEARCH_PATHS = (
					"$(inherited)",
					"@executable_path/Frameworks",
				);
				MARKETING_VERSION = 1.0;
				PRODUCT_BUNDLE_IDENTIFIER = com.seunghye.iTunesWithRxSwift;
				PRODUCT_NAME = "$(TARGET_NAME)";
				SUPPORTED_PLATFORMS = "iphoneos iphonesimulator";
				SUPPORTS_MACCATALYST = NO;
				SUPPORTS_MAC_DESIGNED_FOR_IPHONE_IPAD = NO;
				SUPPORTS_XR_DESIGNED_FOR_IPHONE_IPAD = NO;
				SWIFT_EMIT_LOC_STRINGS = YES;
				SWIFT_VERSION = 5.0;
				TARGETED_DEVICE_FAMILY = 1;
			};
			name = Release;
		};
/* End XCBuildConfiguration section */

/* Begin XCConfigurationList section */
		EFCB8CB32C65AC85004E4C95 /* Build configuration list for PBXProject "iTunesWithRxSwift" */ = {
			isa = XCConfigurationList;
			buildConfigurations = (
				EFCB8CCA2C65AC86004E4C95 /* Debug */,
				EFCB8CCB2C65AC86004E4C95 /* Release */,
			);
			defaultConfigurationIsVisible = 0;
			defaultConfigurationName = Release;
		};
		EFCB8CCC2C65AC86004E4C95 /* Build configuration list for PBXNativeTarget "iTunesWithRxSwift" */ = {
			isa = XCConfigurationList;
			buildConfigurations = (
				EFCB8CCD2C65AC86004E4C95 /* Debug */,
				EFCB8CCE2C65AC86004E4C95 /* Release */,
			);
			defaultConfigurationIsVisible = 0;
			defaultConfigurationName = Release;
		};
/* End XCConfigurationList section */

/* Begin XCRemoteSwiftPackageReference section */
		EFCB8CDD2C65B406004E4C95 /* XCRemoteSwiftPackageReference "SnapKit" */ = {
			isa = XCRemoteSwiftPackageReference;
			repositoryURL = "https://github.com/SnapKit/SnapKit.git";
			requirement = {
				kind = upToNextMajorVersion;
				minimumVersion = 5.7.1;
			};
		};
		EFCB8CE02C65B41E004E4C95 /* XCRemoteSwiftPackageReference "RxSwift" */ = {
			isa = XCRemoteSwiftPackageReference;
			repositoryURL = "https://github.com/ReactiveX/RxSwift.git";
			requirement = {
				kind = upToNextMajorVersion;
				minimumVersion = 6.7.1;
			};
		};
		EFCB8CE52C65B438004E4C95 /* XCRemoteSwiftPackageReference "Kingfisher" */ = {
			isa = XCRemoteSwiftPackageReference;
			repositoryURL = "https://github.com/onevcat/Kingfisher.git";
			requirement = {
				kind = upToNextMajorVersion;
				minimumVersion = 7.12.0;
			};
		};
		EFCB8CF42C65C513004E4C95 /* XCRemoteSwiftPackageReference "IQKeyboardManager" */ = {
			isa = XCRemoteSwiftPackageReference;
			repositoryURL = "https://github.com/hackiftekhar/IQKeyboardManager.git";
			requirement = {
				kind = upToNextMajorVersion;
				minimumVersion = 7.1.1;
			};
		};
/* End XCRemoteSwiftPackageReference section */

/* Begin XCSwiftPackageProductDependency section */
		EFCB8CDE2C65B406004E4C95 /* SnapKit */ = {
			isa = XCSwiftPackageProductDependency;
			package = EFCB8CDD2C65B406004E4C95 /* XCRemoteSwiftPackageReference "SnapKit" */;
			productName = SnapKit;
		};
		EFCB8CE12C65B41E004E4C95 /* RxCocoa */ = {
			isa = XCSwiftPackageProductDependency;
			package = EFCB8CE02C65B41E004E4C95 /* XCRemoteSwiftPackageReference "RxSwift" */;
			productName = RxCocoa;
		};
		EFCB8CE32C65B41E004E4C95 /* RxSwift */ = {
			isa = XCSwiftPackageProductDependency;
			package = EFCB8CE02C65B41E004E4C95 /* XCRemoteSwiftPackageReference "RxSwift" */;
			productName = RxSwift;
		};
		EFCB8CE62C65B438004E4C95 /* Kingfisher */ = {
			isa = XCSwiftPackageProductDependency;
			package = EFCB8CE52C65B438004E4C95 /* XCRemoteSwiftPackageReference "Kingfisher" */;
			productName = Kingfisher;
		};
		EFCB8CF52C65C513004E4C95 /* IQKeyboardManagerSwift */ = {
			isa = XCSwiftPackageProductDependency;
			package = EFCB8CF42C65C513004E4C95 /* XCRemoteSwiftPackageReference "IQKeyboardManager" */;
			productName = IQKeyboardManagerSwift;
		};
/* End XCSwiftPackageProductDependency section */
	};
	rootObject = EFCB8CB02C65AC85004E4C95 /* Project object */;
}
